
Microsoft Visual Studio Solution File, Format Version 12.00
# Visual Studio Version 16
VisualStudioVersion = 16.0.30104.148
MinimumVisualStudioVersion = 10.0.40219.1
Project("{FAE04EC0-301F-11D3-BF4B-00C04F79EFBC}") = "HelloSwitcher", "HelloSwitcher\HelloSwitcher.csproj", "{24ABA232-090C-4C0E-8568-27E13B281FAB}"
EndProject
Project("{FAE04EC0-301F-11D3-BF4B-00C04F79EFBC}") = "IconImage", "IconImage\IconImage.csproj", "{F78D96C8-CFED-416C-ABB1-A8098CA4F4B8}"
EndProject
Global
	GlobalSection(SolutionConfigurationPlatforms) = preSolution
		Debug|Any CPU = Debug|Any CPU
		Debug|ARM = Debug|ARM
		Debug|ARM64 = Debug|ARM64
		Debug|x64 = Debug|x64
		Debug|x86 = Debug|x86
		Release|Any CPU = Release|Any CPU
		Release|ARM = Release|ARM
		Release|ARM64 = Release|ARM64
		Release|x64 = Release|x64
		Release|x86 = Release|x86
	EndGlobalSection
	GlobalSection(ProjectConfigurationPlatforms) = postSolution
		{24ABA232-090C-4C0E-8568-27E13B281FAB}.Debug|Any CPU.ActiveCfg = Debug|Any CPU
		{24ABA232-090C-4C0E-8568-27E13B281FAB}.Debug|Any CPU.Build.0 = Debug|Any CPU
		{24ABA232-090C-4C0E-8568-27E13B281FAB}.Debug|ARM.ActiveCfg = Debug|Any CPU
		{24ABA232-090C-4C0E-8568-27E13B281FAB}.Debug|ARM.Build.0 = Debug|Any CPU
		{24ABA232-090C-4C0E-8568-27E13B281FAB}.Debug|ARM64.ActiveCfg = Debug|Any CPU
		{24ABA232-090C-4C0E-8568-27E13B281FAB}.Debug|ARM64.Build.0 = Debug|Any CPU
		{24ABA232-090C-4C0E-8568-27E13B281FAB}.Debug|x64.ActiveCfg = Debug|Any CPU
		{24ABA232-090C-4C0E-8568-27E13B281FAB}.Debug|x64.Build.0 = Debug|Any CPU
		{24ABA232-090C-4C0E-8568-27E13B281FAB}.Debug|x86.ActiveCfg = Debug|Any CPU
		{24ABA232-090C-4C0E-8568-27E13B281FAB}.Debug|x86.Build.0 = Debug|Any CPU
		{24ABA232-090C-4C0E-8568-27E13B281FAB}.Release|Any CPU.ActiveCfg = Release|Any CPU
		{24ABA232-090C-4C0E-8568-27E13B281FAB}.Release|Any CPU.Build.0 = Release|Any CPU
		{24ABA232-090C-4C0E-8568-27E13B281FAB}.Release|ARM.ActiveCfg = Release|Any CPU
		{24ABA232-090C-4C0E-8568-27E13B281FAB}.Release|ARM.Build.0 = Release|Any CPU
		{24ABA232-090C-4C0E-8568-27E13B281FAB}.Release|ARM64.ActiveCfg = Release|Any CPU
		{24ABA232-090C-4C0E-8568-27E13B281FAB}.Release|ARM64.Build.0 = Release|Any CPU
		{24ABA232-090C-4C0E-8568-27E13B281FAB}.Release|x64.ActiveCfg = Release|Any CPU
		{24ABA232-090C-4C0E-8568-27E13B281FAB}.Release|x64.Build.0 = Release|Any CPU
		{24ABA232-090C-4C0E-8568-27E13B281FAB}.Release|x86.ActiveCfg = Release|Any CPU
		{24ABA232-090C-4C0E-8568-27E13B281FAB}.Release|x86.Build.0 = Release|Any CPU
		{F78D96C8-CFED-416C-ABB1-A8098CA4F4B8}.Debug|Any CPU.ActiveCfg = Debug|Any CPU
		{F78D96C8-CFED-416C-ABB1-A8098CA4F4B8}.Debug|Any CPU.Build.0 = Debug|Any CPU
		{F78D96C8-CFED-416C-ABB1-A8098CA4F4B8}.Debug|ARM.ActiveCfg = Debug|Any CPU
		{F78D96C8-CFED-416C-ABB1-A8098CA4F4B8}.Debug|ARM.Build.0 = Debug|Any CPU
		{F78D96C8-CFED-416C-ABB1-A8098CA4F4B8}.Debug|ARM64.ActiveCfg = Debug|Any CPU
		{F78D96C8-CFED-416C-ABB1-A8098CA4F4B8}.Debug|ARM64.Build.0 = Debug|Any CPU
		{F78D96C8-CFED-416C-ABB1-A8098CA4F4B8}.Debug|x64.ActiveCfg = Debug|Any CPU
		{F78D96C8-CFED-416C-ABB1-A8098CA4F4B8}.Debug|x64.Build.0 = Debug|Any CPU
		{F78D96C8-CFED-416C-ABB1-A8098CA4F4B8}.Debug|x86.ActiveCfg = Debug|Any CPU
		{F78D96C8-CFED-416C-ABB1-A8098CA4F4B8}.Debug|x86.Build.0 = Debug|Any CPU
		{F78D96C8-CFED-416C-ABB1-A8098CA4F4B8}.Release|Any CPU.ActiveCfg = Release|Any CPU
		{F78D96C8-CFED-416C-ABB1-A8098CA4F4B8}.Release|Any CPU.Build.0 = Release|Any CPU
		{F78D96C8-CFED-416C-ABB1-A8098CA4F4B8}.Release|ARM.ActiveCfg = Release|Any CPU
		{F78D96C8-CFED-416C-ABB1-A8098CA4F4B8}.Release|ARM.Build.0 = Release|Any CPU
		{F78D96C8-CFED-416C-ABB1-A8098CA4F4B8}.Release|ARM64.ActiveCfg = Release|Any CPU
		{F78D96C8-CFED-416C-ABB1-A8098CA4F4B8}.Release|ARM64.Build.0 = Release|Any CPU
		{F78D96C8-CFED-416C-ABB1-A8098CA4F4B8}.Release|x64.ActiveCfg = Release|Any CPU
		{F78D96C8-CFED-416C-ABB1-A8098CA4F4B8}.Release|x64.Build.0 = Release|Any CPU
		{F78D96C8-CFED-416C-ABB1-A8098CA4F4B8}.Release|x86.ActiveCfg = Release|Any CPU
		{F78D96C8-CFED-416C-ABB1-A8098CA4F4B8}.Release|x86.Build.0 = Release|Any CPU
	EndGlobalSection
	GlobalSection(SolutionProperties) = preSolution
		HideSolutionNode = FALSE
	EndGlobalSection
	GlobalSection(ExtensibilityGlobals) = postSolution
		SolutionGuid = {750373D3-C8BF-4F2C-9A0F-AC99242B1F8D}
	EndGlobalSection
EndGlobal
